
Microsoft Visual Studio Solution File, Format Version 12.00
# Visual Studio Version 17
VisualStudioVersion = 17.3.32929.385
MinimumVisualStudioVersion = 10.0.40219.1
Project("{9A19103F-16F7-4668-BE54-9A1E7A4F7556}") = "api-auth", "api-auth.csproj", "{E3DC793C-BBC3-4758-A4D9-6E00C8BBD94F}"
EndProject
Global
	GlobalSection(SolutionConfigurationPlatforms) = preSolution
		Debug|Any CPU = Debug|Any CPU
		Release|Any CPU = Release|Any CPU
	EndGlobalSection
	GlobalSection(ProjectConfigurationPlatforms) = postSolution
		{E3DC793C-BBC3-4758-A4D9-6E00C8BBD94F}.Debug|Any CPU.ActiveCfg = Debug|Any CPU
		{E3DC793C-BBC3-4758-A4D9-6E00C8BBD94F}.Debug|Any CPU.Build.0 = Debug|Any CPU
		{E3DC793C-BBC3-4758-A4D9-6E00C8BBD94F}.Release|Any CPU.ActiveCfg = Release|Any CPU
		{E3DC793C-BBC3-4758-A4D9-6E00C8BBD94F}.Release|Any CPU.Build.0 = Release|Any CPU
	EndGlobalSection
	GlobalSection(SolutionProperties) = preSolution
		HideSolutionNode = FALSE
	EndGlobalSection
	GlobalSection(ExtensibilityGlobals) = postSolution
		SolutionGuid = {2F161569-7F8E-47A8-A836-C8A264BAD9B5}
	EndGlobalSection
EndGlobal
